<?xml version="1.0" encoding="utf-8"?>
<Project ToolsVersion="4.0" xmlns="http://schemas.microsoft.com/developer/msbuild/2003">
  <ItemGroup>
    <ClCompile Include="XEngine.ThreadPool.cpp" />
    <ClCompile Include="XEngine.ThreadPoolUtils.cpp" />
  </ItemGroup>
  <ItemGroup>
    <ClInclude Include="XEngine.ThreadPool.h" />
    <ClInclude Include="XEngine.ThreadPoolUtils.h" />
  </ItemGroup>
</Project>