
Microsoft Visual Studio Solution File, Format Version 12.00
# Visual Studio Version 17
VisualStudioVersion = 17.2.32616.157
MinimumVisualStudioVersion = 10.0.40219.1
Project("{8BC9CEB8-8B4A-11D0-8D11-00A0C91BC942}") = "XLib", "XLib\XLib.vcxproj", "{DF81A513-72E3-4B74-B866-97F3BB61D45F}"
EndProject
Project("{8BC9CEB8-8B4A-11D0-8D11-00A0C91BC942}") = "XEngine.Core", "XEngine.Core\XEngine.Core.vcxproj", "{B8914A5B-A366-4B57-86FD-788A6DFD14F6}"
EndProject
Project("{8BC9CEB8-8B4A-11D0-8D11-00A0C91BC942}") = "XEngine.Render", "XEngine.Render\XEngine.Render.vcxproj", "{25B57CC9-0F71-4901-BA27-3EA9952FA23C}"
EndProject
Project("{8BC9CEB8-8B4A-11D0-8D11-00A0C91BC942}") = "GameSample1", "GameSample1\GameSample1.vcxproj", "{49E97366-0D25-4597-8DB6-F85F5BBA50EB}"
EndProject
Project("{8BC9CEB8-8B4A-11D0-8D11-00A0C91BC942}") = "XEngine.Render.Shaders", "XEngine.Render.Shaders\XEngine.Render.Shaders.vcxproj", "{E6AF7FDC-1839-4501-96B6-389AB9CAFDDB}"
EndProject
Project("{8BC9CEB8-8B4A-11D0-8D11-00A0C91BC942}") = "XEngine.Gfx.ShaderLibraryBuilder", "XEngine.Gfx.ShaderLibraryBuilder\XEngine.Gfx.ShaderLibraryBuilder.vcxproj", "{981D9FCB-69BD-47D9-8033-15F5B4621A85}"
EndProject
Project("{8BC9CEB8-8B4A-11D0-8D11-00A0C91BC942}") = "XEngine.GeometryCompiler", "XEngine.GeometryCompiler\XEngine.GeometryCompiler.vcxproj", "{15BB28E9-80FC-4CF4-9A4E-AB2DA05352FC}"
EndProject
Project("{8BC9CEB8-8B4A-11D0-8D11-00A0C91BC942}") = "XEngine.GeometryImporter", "XEngine.GeometryImporter\XEngine.GeometryImporter.vcxproj", "{04B988B1-C7EA-4261-87E1-0A95B6630F95}"
EndProject
Project("{8BC9CEB8-8B4A-11D0-8D11-00A0C91BC942}") = "XEngine.Gfx.HAL.D3D12", "XEngine.Gfx.HAL.D3D12\XEngine.Gfx.HAL.D3D12.vcxproj", "{1ED495B0-B69B-4409-83FC-587F590EAB29}"
EndProject
Project("{8BC9CEB8-8B4A-11D0-8D11-00A0C91BC942}") = "XC.Compiler", "XC.Compiler\XC.Compiler.vcxproj", "{A0A7087D-4990-4DE2-9E57-A47928A38608}"
EndProject
Project("{8BC9CEB8-8B4A-11D0-8D11-00A0C91BC942}") = "XEngine.Gfx.HAL.Shared", "XEngine.Gfx.HAL.Shared\XEngine.Gfx.HAL.Shared.vcxproj", "{102D6F8C-FAAD-4FD3-9B3A-16923042465E}"
EndProject
Project("{8BC9CEB8-8B4A-11D0-8D11-00A0C91BC942}") = "XEngine.Gfx.HAL.ShaderCompiler", "XEngine.Gfx.HAL.ShaderCompiler\XEngine.Gfx.HAL.ShaderCompiler.vcxproj", "{0E31D4F6-C1D4-4A6F-8C42-A0F7B2E4D9D9}"
EndProject
Project("{8BC9CEB8-8B4A-11D0-8D11-00A0C91BC942}") = "XEngine.Gfx.ShaderLibraryFormat", "XEngine.Gfx.ShaderLibraryFormat\XEngine.Gfx.ShaderLibraryFormat.vcxproj", "{E41C3648-B10A-4C33-A052-D98F8ED51AB0}"
EndProject
Project("{8BC9CEB8-8B4A-11D0-8D11-00A0C91BC942}") = "XUI", "XUI\XUI.vcxproj", "{41B7A650-F2DA-4859-94E6-008619E2D88B}"
EndProject
Project("{8BC9CEB8-8B4A-11D0-8D11-00A0C91BC942}") = "XEngine.Common", "XEngine.Common\XEngine.Common.vcxproj", "{276891E4-C661-4502-B581-781EFB8098D6}"
EndProject
Project("{8BC9CEB8-8B4A-11D0-8D11-00A0C91BC942}") = "XEngine.XStringHash", "XEngine.XStringHash\XEngine.XStringHash.vcxproj", "{CA640875-7C04-42BA-B081-8DAC82C9F48D}"
EndProject
Project("{8BC9CEB8-8B4A-11D0-8D11-00A0C91BC942}") = "XEngine.System", "XEngine.System\XEngine.System.vcxproj", "{107C587B-0D5F-4DE1-A06B-5FC8C7B1051B}"
EndProject
Project("{8BC9CEB8-8B4A-11D0-8D11-00A0C91BC942}") = "Game0", "Game0\Game0.vcxproj", "{E7C5A323-42A5-44E9-9363-1C3584CC4EDD}"
EndProject
Project("{8BC9CEB8-8B4A-11D0-8D11-00A0C91BC942}") = "XEngine.Gfx", "XEngine.Gfx\XEngine.Gfx.vcxproj", "{B22F5870-0471-414E-BBDF-7A7AB5E46B83}"
EndProject
Project("{8BC9CEB8-8B4A-11D0-8D11-00A0C91BC942}") = "XEngine.Simulator", "XEngine.Simulator\XEngine.Simulator.vcxproj", "{FE97D89C-FBB2-46B6-8FB4-29A54BF5B93D}"
EndProject
Global
	GlobalSection(SolutionConfigurationPlatforms) = preSolution
		Debug|x64 = Debug|x64
		Release|x64 = Release|x64
	EndGlobalSection
	GlobalSection(ProjectConfigurationPlatforms) = postSolution
		{DF81A513-72E3-4B74-B866-97F3BB61D45F}.Debug|x64.ActiveCfg = Debug|x64
		{DF81A513-72E3-4B74-B866-97F3BB61D45F}.Debug|x64.Build.0 = Debug|x64
		{DF81A513-72E3-4B74-B866-97F3BB61D45F}.Release|x64.ActiveCfg = Release|x64
		{DF81A513-72E3-4B74-B866-97F3BB61D45F}.Release|x64.Build.0 = Release|x64
		{B8914A5B-A366-4B57-86FD-788A6DFD14F6}.Debug|x64.ActiveCfg = Debug|x64
		{B8914A5B-A366-4B57-86FD-788A6DFD14F6}.Debug|x64.Build.0 = Debug|x64
		{B8914A5B-A366-4B57-86FD-788A6DFD14F6}.Release|x64.ActiveCfg = Release|x64
		{B8914A5B-A366-4B57-86FD-788A6DFD14F6}.Release|x64.Build.0 = Release|x64
		{25B57CC9-0F71-4901-BA27-3EA9952FA23C}.Debug|x64.ActiveCfg = Debug|x64
		{25B57CC9-0F71-4901-BA27-3EA9952FA23C}.Debug|x64.Build.0 = Debug|x64
		{25B57CC9-0F71-4901-BA27-3EA9952FA23C}.Release|x64.ActiveCfg = Release|x64
		{25B57CC9-0F71-4901-BA27-3EA9952FA23C}.Release|x64.Build.0 = Release|x64
		{49E97366-0D25-4597-8DB6-F85F5BBA50EB}.Debug|x64.ActiveCfg = Debug|x64
		{49E97366-0D25-4597-8DB6-F85F5BBA50EB}.Debug|x64.Build.0 = Debug|x64
		{49E97366-0D25-4597-8DB6-F85F5BBA50EB}.Release|x64.ActiveCfg = Release|x64
		{49E97366-0D25-4597-8DB6-F85F5BBA50EB}.Release|x64.Build.0 = Release|x64
		{E6AF7FDC-1839-4501-96B6-389AB9CAFDDB}.Debug|x64.ActiveCfg = Debug|x64
		{E6AF7FDC-1839-4501-96B6-389AB9CAFDDB}.Debug|x64.Build.0 = Debug|x64
		{E6AF7FDC-1839-4501-96B6-389AB9CAFDDB}.Release|x64.ActiveCfg = Release|x64
		{E6AF7FDC-1839-4501-96B6-389AB9CAFDDB}.Release|x64.Build.0 = Release|x64
		{981D9FCB-69BD-47D9-8033-15F5B4621A85}.Debug|x64.ActiveCfg = Debug|x64
		{981D9FCB-69BD-47D9-8033-15F5B4621A85}.Debug|x64.Build.0 = Debug|x64
		{981D9FCB-69BD-47D9-8033-15F5B4621A85}.Release|x64.ActiveCfg = Release|x64
		{981D9FCB-69BD-47D9-8033-15F5B4621A85}.Release|x64.Build.0 = Release|x64
		{15BB28E9-80FC-4CF4-9A4E-AB2DA05352FC}.Debug|x64.ActiveCfg = Debug|x64
		{15BB28E9-80FC-4CF4-9A4E-AB2DA05352FC}.Debug|x64.Build.0 = Debug|x64
		{15BB28E9-80FC-4CF4-9A4E-AB2DA05352FC}.Release|x64.ActiveCfg = Release|x64
		{15BB28E9-80FC-4CF4-9A4E-AB2DA05352FC}.Release|x64.Build.0 = Release|x64
		{04B988B1-C7EA-4261-87E1-0A95B6630F95}.Debug|x64.ActiveCfg = Debug|x64
		{04B988B1-C7EA-4261-87E1-0A95B6630F95}.Debug|x64.Build.0 = Debug|x64
		{04B988B1-C7EA-4261-87E1-0A95B6630F95}.Release|x64.ActiveCfg = Release|x64
		{04B988B1-C7EA-4261-87E1-0A95B6630F95}.Release|x64.Build.0 = Release|x64
		{1ED495B0-B69B-4409-83FC-587F590EAB29}.Debug|x64.ActiveCfg = Debug|x64
		{1ED495B0-B69B-4409-83FC-587F590EAB29}.Debug|x64.Build.0 = Debug|x64
		{1ED495B0-B69B-4409-83FC-587F590EAB29}.Release|x64.ActiveCfg = Release|x64
		{1ED495B0-B69B-4409-83FC-587F590EAB29}.Release|x64.Build.0 = Release|x64
		{A0A7087D-4990-4DE2-9E57-A47928A38608}.Debug|x64.ActiveCfg = Debug|x64
		{A0A7087D-4990-4DE2-9E57-A47928A38608}.Debug|x64.Build.0 = Debug|x64
		{A0A7087D-4990-4DE2-9E57-A47928A38608}.Release|x64.ActiveCfg = Release|x64
		{A0A7087D-4990-4DE2-9E57-A47928A38608}.Release|x64.Build.0 = Release|x64
		{102D6F8C-FAAD-4FD3-9B3A-16923042465E}.Debug|x64.ActiveCfg = Debug|x64
		{102D6F8C-FAAD-4FD3-9B3A-16923042465E}.Debug|x64.Build.0 = Debug|x64
		{102D6F8C-FAAD-4FD3-9B3A-16923042465E}.Release|x64.ActiveCfg = Release|x64
		{102D6F8C-FAAD-4FD3-9B3A-16923042465E}.Release|x64.Build.0 = Release|x64
		{0E31D4F6-C1D4-4A6F-8C42-A0F7B2E4D9D9}.Debug|x64.ActiveCfg = Debug|x64
		{0E31D4F6-C1D4-4A6F-8C42-A0F7B2E4D9D9}.Debug|x64.Build.0 = Debug|x64
		{0E31D4F6-C1D4-4A6F-8C42-A0F7B2E4D9D9}.Release|x64.ActiveCfg = Release|x64
		{0E31D4F6-C1D4-4A6F-8C42-A0F7B2E4D9D9}.Release|x64.Build.0 = Release|x64
		{E41C3648-B10A-4C33-A052-D98F8ED51AB0}.Debug|x64.ActiveCfg = Debug|x64
		{E41C3648-B10A-4C33-A052-D98F8ED51AB0}.Debug|x64.Build.0 = Debug|x64
		{E41C3648-B10A-4C33-A052-D98F8ED51AB0}.Release|x64.ActiveCfg = Release|x64
		{E41C3648-B10A-4C33-A052-D98F8ED51AB0}.Release|x64.Build.0 = Release|x64
		{41B7A650-F2DA-4859-94E6-008619E2D88B}.Debug|x64.ActiveCfg = Debug|x64
		{41B7A650-F2DA-4859-94E6-008619E2D88B}.Debug|x64.Build.0 = Debug|x64
		{41B7A650-F2DA-4859-94E6-008619E2D88B}.Release|x64.ActiveCfg = Release|x64
		{41B7A650-F2DA-4859-94E6-008619E2D88B}.Release|x64.Build.0 = Release|x64
		{276891E4-C661-4502-B581-781EFB8098D6}.Debug|x64.ActiveCfg = Debug|x64
		{276891E4-C661-4502-B581-781EFB8098D6}.Debug|x64.Build.0 = Debug|x64
		{276891E4-C661-4502-B581-781EFB8098D6}.Release|x64.ActiveCfg = Release|x64
		{276891E4-C661-4502-B581-781EFB8098D6}.Release|x64.Build.0 = Release|x64
		{CA640875-7C04-42BA-B081-8DAC82C9F48D}.Debug|x64.ActiveCfg = Debug|x64
		{CA640875-7C04-42BA-B081-8DAC82C9F48D}.Debug|x64.Build.0 = Debug|x64
		{CA640875-7C04-42BA-B081-8DAC82C9F48D}.Release|x64.ActiveCfg = Release|x64
		{CA640875-7C04-42BA-B081-8DAC82C9F48D}.Release|x64.Build.0 = Release|x64
		{107C587B-0D5F-4DE1-A06B-5FC8C7B1051B}.Debug|x64.ActiveCfg = Debug|x64
		{107C587B-0D5F-4DE1-A06B-5FC8C7B1051B}.Debug|x64.Build.0 = Debug|x64
		{107C587B-0D5F-4DE1-A06B-5FC8C7B1051B}.Release|x64.ActiveCfg = Release|x64
		{107C587B-0D5F-4DE1-A06B-5FC8C7B1051B}.Release|x64.Build.0 = Release|x64
		{E7C5A323-42A5-44E9-9363-1C3584CC4EDD}.Debug|x64.ActiveCfg = Debug|x64
		{E7C5A323-42A5-44E9-9363-1C3584CC4EDD}.Debug|x64.Build.0 = Debug|x64
		{E7C5A323-42A5-44E9-9363-1C3584CC4EDD}.Release|x64.ActiveCfg = Release|x64
		{E7C5A323-42A5-44E9-9363-1C3584CC4EDD}.Release|x64.Build.0 = Release|x64
		{B22F5870-0471-414E-BBDF-7A7AB5E46B83}.Debug|x64.ActiveCfg = Debug|x64
		{B22F5870-0471-414E-BBDF-7A7AB5E46B83}.Debug|x64.Build.0 = Debug|x64
		{B22F5870-0471-414E-BBDF-7A7AB5E46B83}.Release|x64.ActiveCfg = Release|x64
		{B22F5870-0471-414E-BBDF-7A7AB5E46B83}.Release|x64.Build.0 = Release|x64
		{FE97D89C-FBB2-46B6-8FB4-29A54BF5B93D}.Debug|x64.ActiveCfg = Debug|x64
		{FE97D89C-FBB2-46B6-8FB4-29A54BF5B93D}.Debug|x64.Build.0 = Debug|x64
		{FE97D89C-FBB2-46B6-8FB4-29A54BF5B93D}.Release|x64.ActiveCfg = Release|x64
		{FE97D89C-FBB2-46B6-8FB4-29A54BF5B93D}.Release|x64.Build.0 = Release|x64
	EndGlobalSection
	GlobalSection(SolutionProperties) = preSolution
		HideSolutionNode = FALSE
	EndGlobalSection
	GlobalSection(ExtensibilityGlobals) = postSolution
		SolutionGuid = {835B3803-C827-4ABC-9569-6A0278B2C573}
	EndGlobalSection
EndGlobal
