<?xml version="1.0" encoding="utf-8"?>
<Project ToolsVersion="4.0" xmlns="http://schemas.microsoft.com/developer/msbuild/2003">
  <ItemGroup>
    <ClInclude Include="XEngine.Render.h" />
    <ClInclude Include="XEngine.Render.Scheduler.h" />
    <ClInclude Include="XEngine.Render.ShaderLibrary.h" />
    <ClInclude Include="XEngine.Render.BloomPass.h" />
  </ItemGroup>
  <ItemGroup>
    <ClCompile Include="XEngine.Render.cpp" />
    <ClCompile Include="XEngine.Render.ShaderLibrary.cpp" />
    <ClCompile Include="XEngine.Render.BloomPass.cpp" />
    <ClCompile Include="XEngine.Render.Scheduler.cpp" />
  </ItemGroup>
</Project>