<?xml version="1.0" encoding="utf-8"?>
<Project ToolsVersion="4.0" xmlns="http://schemas.microsoft.com/developer/msbuild/2003">
  <ItemGroup>
    <ClInclude Include="XEngine.GfxHAL.BlobFormat.h" />
    <ClInclude Include="XEngine.GfxHAL.Common.h" />
  </ItemGroup>
  <ItemGroup>
    <ClCompile Include="XEngine.GfxHAL.Common.cpp" />
    <ClCompile Include="XEngine.GfxHAL.BlobFormat.cpp" />
  </ItemGroup>
</Project>