<?xml version="1.0" encoding="utf-8"?>
<Project ToolsVersion="4.0" xmlns="http://schemas.microsoft.com/developer/msbuild/2003">
  <ItemGroup>
    <ClCompile Include="XEngine.Render.Shaders.Builder.EntryPoint.cpp" />
    <ClCompile Include="XEngine.Render.Shaders.Builder.SourceCache.cpp" />
    <ClCompile Include="XEngine.Render.Shaders.Builder.cpp" />
    <ClCompile Include="XEngine.Render.Shaders.Builder.PipelineList.cpp" />
    <ClCompile Include="XEngine.Render.Shaders.Builder.PipelineLayoutList.cpp" />
    <ClCompile Include="XEngine.Render.Shaders.Builder.ShaderList.cpp" />
    <ClCompile Include="PseudoCTokenizer.cpp" />
    <ClCompile Include="XEngine.Render.Shaders.Builder.BuildDescriptionLoader.cpp" />
    <ClCompile Include="XEngine.Render.Shaders.Builder.DescriptorSetLayoutList.cpp" />
  </ItemGroup>
  <ItemGroup>
    <ClInclude Include="XEngine.Render.Shaders.Builder.SourceCache.h" />
    <ClInclude Include="XEngine.Render.Shaders.Builder.ShaderList.h" />
    <ClInclude Include="XEngine.Render.Shaders.Builder.PipelineList.h" />
    <ClInclude Include="XEngine.Render.Shaders.Builder.h" />
    <ClInclude Include="XEngine.Render.Shaders.Builder.PipelineLayoutList.h" />
    <ClInclude Include="PseudoCTokenizer.h" />
    <ClInclude Include="XEngine.Render.Shaders.Builder.BuildDescriptionLoader.h" />
    <ClInclude Include="XEngine.Render.Shaders.Builder.DescriptorSetLayoutList.h" />
  </ItemGroup>
</Project>