<?xml version="1.0" encoding="utf-8"?>
<Project ToolsVersion="4.0" xmlns="http://schemas.microsoft.com/developer/msbuild/2003">
  <ItemGroup>
    <ClCompile Include="XEngine.Render.Shaders.Builder.Main.cpp" />
    <ClCompile Include="XEngine.Render.Shaders.Builder.SourcesCache.cpp" />
    <ClCompile Include="XEngine.Render.Shaders.Builder.Files.cpp" />
    <ClCompile Include="XEngine.Render.Shaders.Builder.CompilerDXC.cpp" />
  </ItemGroup>
  <ItemGroup>
    <ClInclude Include="XEngine.Render.Shaders.Builder.CompilerBase.h" />
    <ClInclude Include="XEngine.Render.Shaders.Builder.SourcesCache.h" />
    <ClInclude Include="XEngine.Render.Shaders.Builder.CompilerDXC.h" />
    <ClInclude Include="XEngine.Render.Shaders.Builder.Files.h" />
    <ClInclude Include="XEngine.Render.Shaders.Builder.ShadersList.h" />
    <ClInclude Include="XEngine.Render.Shaders.Builder.Common.h" />
    <ClInclude Include="XEngine.Render.Shaders.Builder.RootSignaturesList.h" />
  </ItemGroup>
</Project>