<?xml version="1.0" encoding="utf-8"?>
<Project ToolsVersion="4.0" xmlns="http://schemas.microsoft.com/developer/msbuild/2003">
  <ItemGroup>
    <ClInclude Include="Source\XLib.NonCopyable.h" />
    <ClInclude Include="Source\XLib.Random.h" />
    <ClInclude Include="Source\XLib.h" />
    <ClInclude Include="Source\XLib.Float.Conversion.h" />
    <ClInclude Include="Source\XLib.Program.h" />
    <ClInclude Include="Source\XLib.Delegate.h" />
    <ClInclude Include="Source\XLib.Color.h" />
    <ClInclude Include="Source\XLib.Path.h" />
    <ClInclude Include="Source\XLib.AllocatorAdapterBase.h" />
    <ClInclude Include="Source\XLib.SystemHeapAllocator.h" />
    <ClInclude Include="Source\XLib.Time.h" />
    <ClInclude Include="Source\XLib.CRC.h" />
    <ClInclude Include="Source\XLib.String.h" />
    <ClInclude Include="Source\XLib.Text.h" />
    <ClInclude Include="Source\XLib.JSON.h" />
    <ClInclude Include="Source\XLib.ByteStream.h" />
    <ClInclude Include="Source\XLib.Algorithm.QuickSort.h" />
    <ClInclude Include="Source\XLib.Containers.ArrayList.h" />
    <ClInclude Include="Source\XLib.Containers.BinaryHeap.h" />
    <ClInclude Include="Source\XLib.Containers.BitArray.h" />
    <ClInclude Include="Source\XLib.Containers.CyclicQueue.h" />
    <ClInclude Include="Source\XLib.Containers.FlatHashMap.h" />
    <ClInclude Include="Source\XLib.Containers.IntrusiveBinaryTree.h" />
    <ClInclude Include="Source\XLib.Containers.IntrusiveDoublyLinkedList.h" />
    <ClInclude Include="Source\XLib.Math.h" />
    <ClInclude Include="Source\XLib.Math.Matrix2x3.h" />
    <ClInclude Include="Source\XLib.Math.Matrix3x4.h" />
    <ClInclude Include="Source\XLib.Math.Matrix4x4.h" />
    <ClInclude Include="Source\XLib.Math.Quaternion.h" />
    <ClInclude Include="Source\XLib.Vectors.Arithmetics.h" />
    <ClInclude Include="Source\XLib.Vectors.h" />
    <ClInclude Include="Source\XLib.Vectors.Math.h" />
    <ClInclude Include="Source\XLib.FileSystem.h" />
    <ClInclude Include="Source\XLib.System.AsyncIO.h" />
    <ClInclude Include="Source\XLib.System.File.h" />
    <ClInclude Include="Source\XLib.System.NamedPipe.h" />
    <ClInclude Include="Source\XLib.System.Timer.h" />
    <ClInclude Include="Source\XLib.System.VirtualMemory.h" />
    <ClInclude Include="Source\XLib.System.Window.h" />
    <ClInclude Include="Source\XLib.System.Threading.Atomics.h" />
    <ClInclude Include="Source\XLib.System.Threading.Barrier.h" />
    <ClInclude Include="Source\XLib.System.Threading.Event.h" />
    <ClInclude Include="Source\XLib.System.Threading.h" />
    <ClInclude Include="Source\XLib.System.Threading.Lock.h" />
    <ClInclude Include="Source\XLib.System.Threading.MTCircularQueue.h" />
    <ClInclude Include="Source\XLib.System.Threading.ReadersWriterLock.h" />
    <ClInclude Include="Source\XLib.System.Network.h" />
    <ClInclude Include="Source\XLib.System.Network.Socket.h" />
    <ClInclude Include="Source\XLib.Platform.COMPtr.h" />
    <ClInclude Include="Source\XLib.Platform.D3D11.Helpers.h" />
    <ClInclude Include="Source\XLib.Platform.D3D12.Helpers.h" />
    <ClInclude Include="Source\XLib.Platform.DXGI.Helpers.h" />
    <ClInclude Include="Source\XLib.Containers.AVLTreeLogic.h" />
  </ItemGroup>
  <ItemGroup>
    <ClCompile Include="Source\XLib.Random.cpp" />
    <ClCompile Include="Source\XLib.Program.cpp" />
    <ClCompile Include="Source\XLib.cpp" />
    <ClCompile Include="Source\XLib.SystemHeapAllocator.cpp" />
    <ClCompile Include="Source\XLib.CRC.cpp" />
    <ClCompile Include="Source\XLib.String.cpp" />
    <ClCompile Include="Source\XLib.Math.cpp" />
    <ClCompile Include="Source\XLib.FileSystem.cpp" />
    <ClCompile Include="Source\XLib.System.AsyncIO.cpp" />
    <ClCompile Include="Source\XLib.System.File.cpp" />
    <ClCompile Include="Source\XLib.System.NamedPipe.cpp" />
    <ClCompile Include="Source\XLib.System.Timer.cpp" />
    <ClCompile Include="Source\XLib.System.Window.cpp" />
    <ClCompile Include="Source\XLib.System.Threading.Atomics.cpp" />
    <ClCompile Include="Source\XLib.System.Threading.cpp" />
    <ClCompile Include="Source\XLib.System.Threading.Event.cpp" />
    <ClCompile Include="Source\XLib.System.Network.cpp" />
    <ClCompile Include="Source\XLib.System.Network.Socket.cpp" />
    <ClCompile Include="Source\XLib.Platform.COMPtr.cpp" />
    <ClCompile Include="Source\XLib.Text.cpp" />
  </ItemGroup>
</Project>